
Microsoft Visual Studio Solution File, Format Version 12.00
# Visual Studio Version 16
VisualStudioVersion = 16.0.29920.165
MinimumVisualStudioVersion = 10.0.40219.1
Project("{2150E333-8FDC-42A3-9474-1A3956D46DE8}") = "Aplicacion", "Aplicacion", "{29FC2473-B61C-4C28-86CC-5977DDB18348}"
EndProject
Project("{2150E333-8FDC-42A3-9474-1A3956D46DE8}") = "Dominio", "Dominio", "{706A92EA-B388-4439-872D-61FB4A576C81}"
EndProject
Project("{2150E333-8FDC-42A3-9474-1A3956D46DE8}") = "Infra.IoC", "Infra.IoC", "{FA08977A-DAEE-4586-986C-5748C748FBE9}"
EndProject
Project("{2150E333-8FDC-42A3-9474-1A3956D46DE8}") = "Infra.Data", "Infra.Data", "{61DD7C5E-BD4D-45B9-B995-3A001F4E14C9}"
EndProject
Project("{2150E333-8FDC-42A3-9474-1A3956D46DE8}") = "Presentacion", "Presentacion", "{EE0E29A0-D6FF-434A-AB5F-8A7356FA6ABB}"
EndProject
Project("{9A19103F-16F7-4668-BE54-9A1E7A4F7556}") = "TecnoMixRecaudacion.Mvc", "TecnoMixRecaudacion.Mvc\TecnoMixRecaudacion.Mvc.csproj", "{77F21E06-30A6-4C74-821C-86E24D8DA9D4}"
EndProject
Project("{9A19103F-16F7-4668-BE54-9A1E7A4F7556}") = "TecnomixRecaudacion.Dominio", "TecnomixRecaudacion.Dominio\TecnomixRecaudacion.Dominio.csproj", "{84846299-E741-4158-BA6D-93397AD56BCE}"
EndProject
Project("{9A19103F-16F7-4668-BE54-9A1E7A4F7556}") = "TecnoMixRecaudacion.Infra.Data", "TecnoMixRecaudacion.Infra.Data\TecnoMixRecaudacion.Infra.Data.csproj", "{41433047-B7E9-4F13-8A68-6EB7C7DA1772}"
EndProject
Project("{FAE04EC0-301F-11D3-BF4B-00C04F79EFBC}") = "TecnoMixRecaudacion.Aplicacion", "TecnoMixRecaudacion.Aplicacion\TecnoMixRecaudacion.Aplicacion.csproj", "{CF6E8C6E-E826-462D-A995-CFD2DE7ACCA5}"
EndProject
Project("{FAE04EC0-301F-11D3-BF4B-00C04F79EFBC}") = "TecnoMixRecaudacion.Infra.IoC", "TecnoMixRecaudacion.Infra.IoC\TecnoMixRecaudacion.Infra.IoC.csproj", "{737E058F-8B01-4EF6-A313-D7FE8EEC396C}"
EndProject
Global
	GlobalSection(SolutionConfigurationPlatforms) = preSolution
		Debug|Any CPU = Debug|Any CPU
		Release|Any CPU = Release|Any CPU
	EndGlobalSection
	GlobalSection(ProjectConfigurationPlatforms) = postSolution
		{77F21E06-30A6-4C74-821C-86E24D8DA9D4}.Debug|Any CPU.ActiveCfg = Debug|Any CPU
		{77F21E06-30A6-4C74-821C-86E24D8DA9D4}.Debug|Any CPU.Build.0 = Debug|Any CPU
		{77F21E06-30A6-4C74-821C-86E24D8DA9D4}.Release|Any CPU.ActiveCfg = Release|Any CPU
		{77F21E06-30A6-4C74-821C-86E24D8DA9D4}.Release|Any CPU.Build.0 = Release|Any CPU
		{84846299-E741-4158-BA6D-93397AD56BCE}.Debug|Any CPU.ActiveCfg = Debug|Any CPU
		{84846299-E741-4158-BA6D-93397AD56BCE}.Debug|Any CPU.Build.0 = Debug|Any CPU
		{84846299-E741-4158-BA6D-93397AD56BCE}.Release|Any CPU.ActiveCfg = Release|Any CPU
		{84846299-E741-4158-BA6D-93397AD56BCE}.Release|Any CPU.Build.0 = Release|Any CPU
		{41433047-B7E9-4F13-8A68-6EB7C7DA1772}.Debug|Any CPU.ActiveCfg = Debug|Any CPU
		{41433047-B7E9-4F13-8A68-6EB7C7DA1772}.Debug|Any CPU.Build.0 = Debug|Any CPU
		{41433047-B7E9-4F13-8A68-6EB7C7DA1772}.Release|Any CPU.ActiveCfg = Release|Any CPU
		{41433047-B7E9-4F13-8A68-6EB7C7DA1772}.Release|Any CPU.Build.0 = Release|Any CPU
		{CF6E8C6E-E826-462D-A995-CFD2DE7ACCA5}.Debug|Any CPU.ActiveCfg = Debug|Any CPU
		{CF6E8C6E-E826-462D-A995-CFD2DE7ACCA5}.Debug|Any CPU.Build.0 = Debug|Any CPU
		{CF6E8C6E-E826-462D-A995-CFD2DE7ACCA5}.Release|Any CPU.ActiveCfg = Release|Any CPU
		{CF6E8C6E-E826-462D-A995-CFD2DE7ACCA5}.Release|Any CPU.Build.0 = Release|Any CPU
		{737E058F-8B01-4EF6-A313-D7FE8EEC396C}.Debug|Any CPU.ActiveCfg = Debug|Any CPU
		{737E058F-8B01-4EF6-A313-D7FE8EEC396C}.Debug|Any CPU.Build.0 = Debug|Any CPU
		{737E058F-8B01-4EF6-A313-D7FE8EEC396C}.Release|Any CPU.ActiveCfg = Release|Any CPU
		{737E058F-8B01-4EF6-A313-D7FE8EEC396C}.Release|Any CPU.Build.0 = Release|Any CPU
	EndGlobalSection
	GlobalSection(SolutionProperties) = preSolution
		HideSolutionNode = FALSE
	EndGlobalSection
	GlobalSection(NestedProjects) = preSolution
		{77F21E06-30A6-4C74-821C-86E24D8DA9D4} = {EE0E29A0-D6FF-434A-AB5F-8A7356FA6ABB}
		{84846299-E741-4158-BA6D-93397AD56BCE} = {706A92EA-B388-4439-872D-61FB4A576C81}
		{41433047-B7E9-4F13-8A68-6EB7C7DA1772} = {61DD7C5E-BD4D-45B9-B995-3A001F4E14C9}
		{CF6E8C6E-E826-462D-A995-CFD2DE7ACCA5} = {29FC2473-B61C-4C28-86CC-5977DDB18348}
		{737E058F-8B01-4EF6-A313-D7FE8EEC396C} = {FA08977A-DAEE-4586-986C-5748C748FBE9}
	EndGlobalSection
	GlobalSection(ExtensibilityGlobals) = postSolution
		SolutionGuid = {55EDB055-F263-4376-83C5-9491B5B0AA61}
	EndGlobalSection
EndGlobal
